
Microsoft Visual Studio Solution File, Format Version 12.00
# Visual Studio 15
VisualStudioVersion = 15.0.28307.572
MinimumVisualStudioVersion = 10.0.40219.1
Project("{FAE04EC0-301F-11D3-BF4B-00C04F79EFBC}") = "RaytracerCSharp", "RaytracerCSharp\RaytracerCSharp.csproj", "{CD63F852-170A-4F8A-8BF6-5D1559BBD012}"
EndProject
Global
	GlobalSection(SolutionConfigurationPlatforms) = preSolution
		Debug|Any CPU = Debug|Any CPU
		Release|Any CPU = Release|Any CPU
	EndGlobalSection
	GlobalSection(ProjectConfigurationPlatforms) = postSolution
		{CD63F852-170A-4F8A-8BF6-5D1559BBD012}.Debug|Any CPU.ActiveCfg = Debug|Any CPU
		{CD63F852-170A-4F8A-8BF6-5D1559BBD012}.Debug|Any CPU.Build.0 = Debug|Any CPU
		{CD63F852-170A-4F8A-8BF6-5D1559BBD012}.Release|Any CPU.ActiveCfg = Release|Any CPU
		{CD63F852-170A-4F8A-8BF6-5D1559BBD012}.Release|Any CPU.Build.0 = Release|Any CPU
	EndGlobalSection
	GlobalSection(SolutionProperties) = preSolution
		HideSolutionNode = FALSE
	EndGlobalSection
	GlobalSection(ExtensibilityGlobals) = postSolution
		SolutionGuid = {4CDBC3A9-5B9E-4F1D-919C-E5765AFE3679}
	EndGlobalSection
EndGlobal
